
Microsoft Visual Studio Solution File, Format Version 12.00
Project("{FAE04EC0-301F-11D3-BF4B-00C04F79EFBC}") = "SwinburneAdventure", "SwinburneAdventure\SwinburneAdventure.csproj", "{42779E96-A0AD-485E-9B10-472A033865FB}"
EndProject
Global
	GlobalSection(SolutionConfigurationPlatforms) = preSolution
		Debug|Any CPU = Debug|Any CPU
		Release|Any CPU = Release|Any CPU
	EndGlobalSection
	GlobalSection(ProjectConfigurationPlatforms) = postSolution
		{42779E96-A0AD-485E-9B10-472A033865FB}.Debug|Any CPU.ActiveCfg = Debug|Any CPU
		{42779E96-A0AD-485E-9B10-472A033865FB}.Debug|Any CPU.Build.0 = Debug|Any CPU
		{42779E96-A0AD-485E-9B10-472A033865FB}.Release|Any CPU.ActiveCfg = Release|Any CPU
		{42779E96-A0AD-485E-9B10-472A033865FB}.Release|Any CPU.Build.0 = Release|Any CPU
	EndGlobalSection
EndGlobal
